
Microsoft Visual Studio Solution File, Format Version 12.00
# Visual Studio Version 17
VisualStudioVersion = 17.10.35122.118
MinimumVisualStudioVersion = 10.0.40219.1
Project("{FAE04EC0-301F-11D3-BF4B-00C04F79EFBC}") = "Login or Signup", "Login or Signup.csproj", "{CAF22D97-4775-448A-9C6C-C8C4D19F8C44}"
EndProject
Project("{FAE04EC0-301F-11D3-BF4B-00C04F79EFBC}") = "VibraSoundServer", "..\VibraSoundServer\VibraSoundServer.csproj", "{B2FB94B8-0EA2-4EE6-8A45-5B7DBF5ED99F}"
EndProject
Global
	GlobalSection(SolutionConfigurationPlatforms) = preSolution
		Debug|Any CPU = Debug|Any CPU
		Release|Any CPU = Release|Any CPU
	EndGlobalSection
	GlobalSection(ProjectConfigurationPlatforms) = postSolution
		{CAF22D97-4775-448A-9C6C-C8C4D19F8C44}.Debug|Any CPU.ActiveCfg = Debug|Any CPU
		{CAF22D97-4775-448A-9C6C-C8C4D19F8C44}.Debug|Any CPU.Build.0 = Debug|Any CPU
		{CAF22D97-4775-448A-9C6C-C8C4D19F8C44}.Release|Any CPU.ActiveCfg = Release|Any CPU
		{CAF22D97-4775-448A-9C6C-C8C4D19F8C44}.Release|Any CPU.Build.0 = Release|Any CPU
		{B2FB94B8-0EA2-4EE6-8A45-5B7DBF5ED99F}.Debug|Any CPU.ActiveCfg = Debug|Any CPU
		{B2FB94B8-0EA2-4EE6-8A45-5B7DBF5ED99F}.Debug|Any CPU.Build.0 = Debug|Any CPU
		{B2FB94B8-0EA2-4EE6-8A45-5B7DBF5ED99F}.Release|Any CPU.ActiveCfg = Release|Any CPU
		{B2FB94B8-0EA2-4EE6-8A45-5B7DBF5ED99F}.Release|Any CPU.Build.0 = Release|Any CPU
	EndGlobalSection
	GlobalSection(SolutionProperties) = preSolution
		HideSolutionNode = FALSE
	EndGlobalSection
	GlobalSection(ExtensibilityGlobals) = postSolution
		SolutionGuid = {A814EB79-92B0-4C68-9182-788FF46B5E73}
	EndGlobalSection
EndGlobal
